
Microsoft Visual Studio Solution File, Format Version 12.00
# Visual Studio Version 17
VisualStudioVersion = 17.6.33417.168
MinimumVisualStudioVersion = 10.0.40219.1
Project("{F184B08F-C81C-45F6-A57F-5ABD9991F28F}") = "Kontrola_Kvality", "Kontrola_Kvality.vbproj", "{27FB7F00-53B5-4AAD-8905-29F112FF25ED}"
EndProject
Global
	GlobalSection(SolutionConfigurationPlatforms) = preSolution
		Debug|Any CPU = Debug|Any CPU
		Release|Any CPU = Release|Any CPU
	EndGlobalSection
	GlobalSection(ProjectConfigurationPlatforms) = postSolution
		{27FB7F00-53B5-4AAD-8905-29F112FF25ED}.Debug|Any CPU.ActiveCfg = Debug|Any CPU
		{27FB7F00-53B5-4AAD-8905-29F112FF25ED}.Debug|Any CPU.Build.0 = Debug|Any CPU
		{27FB7F00-53B5-4AAD-8905-29F112FF25ED}.Debug|Any CPU.Deploy.0 = Debug|Any CPU
		{27FB7F00-53B5-4AAD-8905-29F112FF25ED}.Release|Any CPU.ActiveCfg = Release|Any CPU
		{27FB7F00-53B5-4AAD-8905-29F112FF25ED}.Release|Any CPU.Build.0 = Release|Any CPU
		{27FB7F00-53B5-4AAD-8905-29F112FF25ED}.Release|Any CPU.Deploy.0 = Release|Any CPU
	EndGlobalSection
	GlobalSection(SolutionProperties) = preSolution
		HideSolutionNode = FALSE
	EndGlobalSection
	GlobalSection(ExtensibilityGlobals) = postSolution
		SolutionGuid = {F46E2645-71C9-49E3-B267-0793C5D3538D}
	EndGlobalSection
EndGlobal
